
Microsoft Visual Studio Solution File, Format Version 12.00
# Visual Studio Version 17
VisualStudioVersion = 17.8.34316.72
MinimumVisualStudioVersion = 10.0.40219.1
Project("{FAE04EC0-301F-11D3-BF4B-00C04F79EFBC}") = "SuperAdventure", "SuperAdventure\SuperAdventure.csproj", "{14B577EF-D323-4FF9-A0F3-9496CD475E31}"
EndProject
Project("{FAE04EC0-301F-11D3-BF4B-00C04F79EFBC}") = "Engine", "Engine\Engine.csproj", "{8FEAA1D8-2F65-4F32-AD9A-A33796F08E10}"
EndProject
Global
	GlobalSection(SolutionConfigurationPlatforms) = preSolution
		Debug|Any CPU = Debug|Any CPU
		Release|Any CPU = Release|Any CPU
	EndGlobalSection
	GlobalSection(ProjectConfigurationPlatforms) = postSolution
		{14B577EF-D323-4FF9-A0F3-9496CD475E31}.Debug|Any CPU.ActiveCfg = Debug|Any CPU
		{14B577EF-D323-4FF9-A0F3-9496CD475E31}.Debug|Any CPU.Build.0 = Debug|Any CPU
		{14B577EF-D323-4FF9-A0F3-9496CD475E31}.Release|Any CPU.ActiveCfg = Release|Any CPU
		{14B577EF-D323-4FF9-A0F3-9496CD475E31}.Release|Any CPU.Build.0 = Release|Any CPU
		{8FEAA1D8-2F65-4F32-AD9A-A33796F08E10}.Debug|Any CPU.ActiveCfg = Debug|Any CPU
		{8FEAA1D8-2F65-4F32-AD9A-A33796F08E10}.Debug|Any CPU.Build.0 = Debug|Any CPU
		{8FEAA1D8-2F65-4F32-AD9A-A33796F08E10}.Release|Any CPU.ActiveCfg = Release|Any CPU
		{8FEAA1D8-2F65-4F32-AD9A-A33796F08E10}.Release|Any CPU.Build.0 = Release|Any CPU
	EndGlobalSection
	GlobalSection(SolutionProperties) = preSolution
		HideSolutionNode = FALSE
	EndGlobalSection
	GlobalSection(ExtensibilityGlobals) = postSolution
		SolutionGuid = {F6406FB7-5E1F-4248-B350-41C8451BE846}
	EndGlobalSection
EndGlobal
